# @generated by Move, please check-in and do not edit manually.

[move]
version = 2
manifest_digest = "E319DEBABE45D300F32A76D571BA0AACD6D8F191C16CA3840F628A6B48BC1BD4"
deps_digest = "F8BBB0CCB2491CA29A3DF03D6F92277A4F3574266507ACD77214D37ECA3F3082"
dependencies = [
  { name = "Sui" },
]

[[move.package]]
name = "MoveStdlib"
source = { git = "https://github.com/MystenLabs/sui.git", rev = "framework/testnet", subdir = "crates\\sui-framework\\packages\\move-stdlib" }

[[move.package]]
name = "Sui"
source = { git = "https://github.com/MystenLabs/sui.git", rev = "framework/testnet", subdir = "crates/sui-framework/packages/sui-framework" }

dependencies = [
  { name = "MoveStdlib" },
]

[move.toolchain-version]
compiler-version = "1.31.1"
edition = "2024.beta"
flavor = "sui"

[env]

[env.testnet]
chain-id = "4c78adac"
original-published-id = "0x81385a916fcc0e4c674ec0b6da691341ad94a4091f0111a9679a59a6d240e43b"
latest-published-id = "0x81385a916fcc0e4c674ec0b6da691341ad94a4091f0111a9679a59a6d240e43b"
published-version = "1"

[env.devnet]
chain-id = "814c79df"
original-published-id = "0xfa96337891f8dd96b912f45bbd8a34a3b9bc63784d70e9689b7bd130771acc6e"
latest-published-id = "0xfa96337891f8dd96b912f45bbd8a34a3b9bc63784d70e9689b7bd130771acc6e"
published-version = "1"
