# @generated by Move, please check-in and do not edit manually.

[move]
version = 2
manifest_digest = "AE2C82AB286DF2A4D9213C7893447AB1CE1AC3E3CAF0961AF33E9E7C82E57DA9"
deps_digest = "F8BBB0CCB2491CA29A3DF03D6F92277A4F3574266507ACD77214D37ECA3F3082"
dependencies = [
  { name = "Sui" },
]

[[move.package]]
name = "MoveStdlib"
source = { git = "https://github.com/MystenLabs/sui.git", rev = "framework/testnet", subdir = "crates\\sui-framework\\packages\\move-stdlib" }

[[move.package]]
name = "Sui"
source = { git = "https://github.com/MystenLabs/sui.git", rev = "framework/testnet", subdir = "crates/sui-framework/packages/sui-framework" }

dependencies = [
  { name = "MoveStdlib" },
]

[move.toolchain-version]
compiler-version = "1.31.1"
edition = "2024.beta"
flavor = "sui"

[env]

[env.devnet]
chain-id = "6b9b3fe9"
original-published-id = "0x854209e59d38c4751064516ee67f0a55592fc536b39d74109f045af8cc399053"
latest-published-id = "0x854209e59d38c4751064516ee67f0a55592fc536b39d74109f045af8cc399053"
published-version = "1"
