# @generated by Move, please check-in and do not edit manually.

[move]
version = 2
manifest_digest = "CA95BCC8996C577C3382535D05E2F7F1884D072F7961F5D6D019FCA53F4EB7E9"
deps_digest = "F8BBB0CCB2491CA29A3DF03D6F92277A4F3574266507ACD77214D37ECA3F3082"
dependencies = [
  { name = "Sui" },
]

[[move.package]]
name = "MoveStdlib"
source = { git = "https://github.com/MystenLabs/sui.git", rev = "framework/testnet", subdir = "crates\\sui-framework\\packages\\move-stdlib" }

[[move.package]]
name = "Sui"
source = { git = "https://github.com/MystenLabs/sui.git", rev = "framework/testnet", subdir = "crates/sui-framework/packages/sui-framework" }

dependencies = [
  { name = "MoveStdlib" },
]

[move.toolchain-version]
compiler-version = "1.33.0"
edition = "2024.beta"
flavor = "sui"

[env]

[env.devnet]
chain-id = "167bafe9"
original-published-id = "0x25f8e17686a0bf2e8c0a67ea355b58e219700ae46f59eada4527f1fb1d30174a"
latest-published-id = "0x25f8e17686a0bf2e8c0a67ea355b58e219700ae46f59eada4527f1fb1d30174a"
published-version = "1"
